
Microsoft Visual Studio Solution File, Format Version 12.00
# Visual Studio Version 17
VisualStudioVersion = 17.9.34607.119
MinimumVisualStudioVersion = 10.0.40219.1
Project("{9A19103F-16F7-4668-BE54-9A1E7A4F7556}") = "Mastery", "Mastery.csproj", "{ACB6C08E-7CB4-4B25-BBC2-93F03A94D87E}"
EndProject
Project("{FAE04EC0-301F-11D3-BF4B-00C04F79EFBC}") = "Mastery.DataAccess", "..\Mastery.DataAccess\Mastery.DataAccess.csproj", "{A11A812B-D794-48BA-97A5-10C4921D5A98}"
EndProject
Project("{FAE04EC0-301F-11D3-BF4B-00C04F79EFBC}") = "Mastery.Utility", "..\Mastery.Utility\Mastery.Utility.csproj", "{6D5B9F18-7722-4774-9731-9AAB6F227458}"
EndProject
Project("{FAE04EC0-301F-11D3-BF4B-00C04F79EFBC}") = "Mastery.Models", "..\Mastery.Models\Mastery.Models.csproj", "{65C78AE7-47F1-4DA4-8D5D-7ABD53F72DA5}"
EndProject
Global
	GlobalSection(SolutionConfigurationPlatforms) = preSolution
		Debug|Any CPU = Debug|Any CPU
		Release|Any CPU = Release|Any CPU
	EndGlobalSection
	GlobalSection(ProjectConfigurationPlatforms) = postSolution
		{ACB6C08E-7CB4-4B25-BBC2-93F03A94D87E}.Debug|Any CPU.ActiveCfg = Debug|Any CPU
		{ACB6C08E-7CB4-4B25-BBC2-93F03A94D87E}.Debug|Any CPU.Build.0 = Debug|Any CPU
		{ACB6C08E-7CB4-4B25-BBC2-93F03A94D87E}.Release|Any CPU.ActiveCfg = Release|Any CPU
		{ACB6C08E-7CB4-4B25-BBC2-93F03A94D87E}.Release|Any CPU.Build.0 = Release|Any CPU
		{A11A812B-D794-48BA-97A5-10C4921D5A98}.Debug|Any CPU.ActiveCfg = Debug|Any CPU
		{A11A812B-D794-48BA-97A5-10C4921D5A98}.Debug|Any CPU.Build.0 = Debug|Any CPU
		{A11A812B-D794-48BA-97A5-10C4921D5A98}.Release|Any CPU.ActiveCfg = Release|Any CPU
		{A11A812B-D794-48BA-97A5-10C4921D5A98}.Release|Any CPU.Build.0 = Release|Any CPU
		{6D5B9F18-7722-4774-9731-9AAB6F227458}.Debug|Any CPU.ActiveCfg = Debug|Any CPU
		{6D5B9F18-7722-4774-9731-9AAB6F227458}.Debug|Any CPU.Build.0 = Debug|Any CPU
		{6D5B9F18-7722-4774-9731-9AAB6F227458}.Release|Any CPU.ActiveCfg = Release|Any CPU
		{6D5B9F18-7722-4774-9731-9AAB6F227458}.Release|Any CPU.Build.0 = Release|Any CPU
		{65C78AE7-47F1-4DA4-8D5D-7ABD53F72DA5}.Debug|Any CPU.ActiveCfg = Debug|Any CPU
		{65C78AE7-47F1-4DA4-8D5D-7ABD53F72DA5}.Debug|Any CPU.Build.0 = Debug|Any CPU
		{65C78AE7-47F1-4DA4-8D5D-7ABD53F72DA5}.Release|Any CPU.ActiveCfg = Release|Any CPU
		{65C78AE7-47F1-4DA4-8D5D-7ABD53F72DA5}.Release|Any CPU.Build.0 = Release|Any CPU
	EndGlobalSection
	GlobalSection(SolutionProperties) = preSolution
		HideSolutionNode = FALSE
	EndGlobalSection
	GlobalSection(ExtensibilityGlobals) = postSolution
		SolutionGuid = {CD8EA47C-78A9-4CFB-8DFF-67AD2303F951}
	EndGlobalSection
EndGlobal
